PODS:
  - DZFileUtils (0.1.0)
  - FBSnapshotTestCase (2.0.7):
    - FBSnapshotTestCase/SwiftSupport (= 2.0.7)
  - FBSnapshotTestCase/Core (2.0.7)
  - FBSnapshotTestCase/SwiftSupport (2.0.7):
    - FBSnapshotTestCase/Core

DEPENDENCIES:
  - DZFileUtils (from `../`)
  - FBSnapshotTestCase

EXTERNAL SOURCES:
  DZFileUtils:
    :path: "../"

SPEC CHECKSUMS:
  DZFileUtils: 4a7b7d2f58a67ad27fe934dc1d25fea99eb660d7
  FBSnapshotTestCase: 7e85180d0d141a0cf472352edda7e80d7eaeb547

COCOAPODS: 0.39.0
